
Microsoft Visual Studio Solution File, Format Version 12.00
# Visual Studio Version 17
VisualStudioVersion = 17.14.36616.10 d17.14
MinimumVisualStudioVersion = 10.0.40219.1
Project("{FAE04EC0-301F-11D3-BF4B-00C04F79EFBC}") = "BooseTest", "BooseTest.csproj", "{B71A8267-8BFC-04FF-EAA5-7880B5580A32}"
EndProject
Global
	GlobalSection(SolutionConfigurationPlatforms) = preSolution
		Debug|Any CPU = Debug|Any CPU
		Release|Any CPU = Release|Any CPU
	EndGlobalSection
	GlobalSection(ProjectConfigurationPlatforms) = postSolution
		{B71A8267-8BFC-04FF-EAA5-7880B5580A32}.Debug|Any CPU.ActiveCfg = Debug|Any CPU
		{B71A8267-8BFC-04FF-EAA5-7880B5580A32}.Debug|Any CPU.Build.0 = Debug|Any CPU
		{B71A8267-8BFC-04FF-EAA5-7880B5580A32}.Release|Any CPU.ActiveCfg = Release|Any CPU
		{B71A8267-8BFC-04FF-EAA5-7880B5580A32}.Release|Any CPU.Build.0 = Release|Any CPU
	EndGlobalSection
	GlobalSection(SolutionProperties) = preSolution
		HideSolutionNode = FALSE
	EndGlobalSection
	GlobalSection(ExtensibilityGlobals) = postSolution
		SolutionGuid = {39029AE0-50F8-4897-B336-46204CC80703}
	EndGlobalSection
EndGlobal
